
Microsoft Visual Studio Solution File, Format Version 12.00
# Visual Studio Version 16
VisualStudioVersion = 16.0.29911.84
MinimumVisualStudioVersion = 10.0.40219.1
Project("{9A19103F-16F7-4668-BE54-9A1E7A4F7556}") = "OrleansHost", "OrleansHost\OrleansHost.csproj", "{8833CADE-80B5-4AA1-835E-594E907C58DF}"
EndProject
Project("{9A19103F-16F7-4668-BE54-9A1E7A4F7556}") = "Grains.Interfaces", "Grains.Interfaces\Grains.Interfaces.csproj", "{1977C291-BE23-415A-8305-9E6F7B23203D}"
EndProject
Project("{9A19103F-16F7-4668-BE54-9A1E7A4F7556}") = "Grains", "Grains\Grains.csproj", "{C8097F83-2D0E-4FFD-AEAE-AA075141289C}"
EndProject
Project("{9A19103F-16F7-4668-BE54-9A1E7A4F7556}") = "OrleansClient", "OrleansClient\OrleansClient.csproj", "{6BF165A8-6CAA-44A8-A8BA-C4EF3274F677}"
EndProject
Project("{E53339B2-1760-4266-BCC7-CA923CBCF16C}") = "docker-compose", "docker-compose.dcproj", "{537FB303-CF81-4D7D-B222-934A130B0335}"
EndProject
Project("{2150E333-8FDC-42A3-9474-1A3956D46DE8}") = "AdoNet", "AdoNet", "{F38F00FD-F78C-4F69-B20F-14F66413F104}"
	ProjectSection(SolutionItems) = preProject
		AdoNet\Run.ps1 = AdoNet\Run.ps1
		AdoNet\SQLServer-Clustering.sql = AdoNet\SQLServer-Clustering.sql
		AdoNet\SQLServer-Main.sql = AdoNet\SQLServer-Main.sql
		AdoNet\SQLServer-Persistence.sql = AdoNet\SQLServer-Persistence.sql
		AdoNet\SQLServer-Reminders.sql = AdoNet\SQLServer-Reminders.sql
	EndProjectSection
EndProject
Global
	GlobalSection(SolutionConfigurationPlatforms) = preSolution
		Debug|Any CPU = Debug|Any CPU
		Release|Any CPU = Release|Any CPU
	EndGlobalSection
	GlobalSection(ProjectConfigurationPlatforms) = postSolution
		{8833CADE-80B5-4AA1-835E-594E907C58DF}.Debug|Any CPU.ActiveCfg = Debug|Any CPU
		{8833CADE-80B5-4AA1-835E-594E907C58DF}.Debug|Any CPU.Build.0 = Debug|Any CPU
		{8833CADE-80B5-4AA1-835E-594E907C58DF}.Release|Any CPU.ActiveCfg = Release|Any CPU
		{8833CADE-80B5-4AA1-835E-594E907C58DF}.Release|Any CPU.Build.0 = Release|Any CPU
		{1977C291-BE23-415A-8305-9E6F7B23203D}.Debug|Any CPU.ActiveCfg = Debug|Any CPU
		{1977C291-BE23-415A-8305-9E6F7B23203D}.Debug|Any CPU.Build.0 = Debug|Any CPU
		{1977C291-BE23-415A-8305-9E6F7B23203D}.Release|Any CPU.ActiveCfg = Release|Any CPU
		{1977C291-BE23-415A-8305-9E6F7B23203D}.Release|Any CPU.Build.0 = Release|Any CPU
		{C8097F83-2D0E-4FFD-AEAE-AA075141289C}.Debug|Any CPU.ActiveCfg = Debug|Any CPU
		{C8097F83-2D0E-4FFD-AEAE-AA075141289C}.Debug|Any CPU.Build.0 = Debug|Any CPU
		{C8097F83-2D0E-4FFD-AEAE-AA075141289C}.Release|Any CPU.ActiveCfg = Release|Any CPU
		{C8097F83-2D0E-4FFD-AEAE-AA075141289C}.Release|Any CPU.Build.0 = Release|Any CPU
		{6BF165A8-6CAA-44A8-A8BA-C4EF3274F677}.Debug|Any CPU.ActiveCfg = Debug|Any CPU
		{6BF165A8-6CAA-44A8-A8BA-C4EF3274F677}.Debug|Any CPU.Build.0 = Debug|Any CPU
		{6BF165A8-6CAA-44A8-A8BA-C4EF3274F677}.Release|Any CPU.ActiveCfg = Release|Any CPU
		{6BF165A8-6CAA-44A8-A8BA-C4EF3274F677}.Release|Any CPU.Build.0 = Release|Any CPU
		{537FB303-CF81-4D7D-B222-934A130B0335}.Debug|Any CPU.ActiveCfg = Debug|Any CPU
		{537FB303-CF81-4D7D-B222-934A130B0335}.Debug|Any CPU.Build.0 = Debug|Any CPU
		{537FB303-CF81-4D7D-B222-934A130B0335}.Release|Any CPU.ActiveCfg = Release|Any CPU
		{537FB303-CF81-4D7D-B222-934A130B0335}.Release|Any CPU.Build.0 = Release|Any CPU
	EndGlobalSection
	GlobalSection(SolutionProperties) = preSolution
		HideSolutionNode = FALSE
	EndGlobalSection
	GlobalSection(ExtensibilityGlobals) = postSolution
		SolutionGuid = {770CE15D-FCF4-4F37-BBC3-B62DEEFFB973}
	EndGlobalSection
EndGlobal
